
Microsoft Visual Studio Solution File, Format Version 12.00
# Visual Studio 15
VisualStudioVersion = 15.0.28307.1082
MinimumVisualStudioVersion = 15.0.26124.0
Project("{9A19103F-16F7-4668-BE54-9A1E7A4F7556}") = "EvidentInstruction", "src\EvidentInstruction\EvidentInstruction.csproj", "{2F008A06-7F5C-4205-ABBF-75CD3E7F75E7}"
EndProject
Project("{9A19103F-16F7-4668-BE54-9A1E7A4F7556}") = "EvidentInstruction.Generator", "src\EvidentInstruction.Generator\EvidentInstruction.Generator.csproj", "{DC205454-6308-406F-BF0D-01263F1BEDC6}"
EndProject
Project("{9A19103F-16F7-4668-BE54-9A1E7A4F7556}") = "EvidentInstruction.Tests", "test\EvidentInstruction.Tests\EvidentInstruction.Tests.csproj", "{0673BD3E-1BEB-4A86-93F1-E9527E35205E}"
EndProject
Project("{9A19103F-16F7-4668-BE54-9A1E7A4F7556}") = "EvidentInstruction.Database", "src\EvidentInstruction.Database\EvidentInstruction.Database.csproj", "{0660ADA6-AE8D-48B0-9AF3-64F319CA4B04}"
EndProject
Project("{9A19103F-16F7-4668-BE54-9A1E7A4F7556}") = "EvidentInstruction.Service", "src\EvidentInstruction.Service\EvidentInstruction.Service.csproj", "{AA067607-0A8C-47B5-933E-D06C2DBDFAF6}"
EndProject
Project("{9A19103F-16F7-4668-BE54-9A1E7A4F7556}") = "EvidentInstruction.Generator.Tests", "test\EvidentInstruction.Generator.Tests\EvidentInstruction.Generator.Tests.csproj", "{1705FE8B-E0A9-4A5F-94A1-246397E0AFC2}"
EndProject
Project("{9A19103F-16F7-4668-BE54-9A1E7A4F7556}") = "EvidentInstruction.Config", "src\EvidentInstruction.Config\EvidentInstruction.Config.csproj", "{69324447-06D0-417B-934B-F90FFC4C326A}"
EndProject
Project("{9A19103F-16F7-4668-BE54-9A1E7A4F7556}") = "EvidentInstruction.Config.Tests", "test\EvidentInstruction.Config.Tests\EvidentInstruction.Config.Tests.csproj", "{6F830FB2-0FD7-458B-91B3-8BB2217FAD80}"
EndProject
Project("{9A19103F-16F7-4668-BE54-9A1E7A4F7556}") = "EvidentInstruction.Web", "src\EvidentInstruction.Web\EvidentInstruction.Web.csproj", "{F71FF071-4ACC-477C-8F1A-3996BF220F1D}"
EndProject
Project("{FAE04EC0-301F-11D3-BF4B-00C04F79EFBC}") = "EvidentInstruction.Database.Tests", "test\EvidentInstruction.Database.Tests\EvidentInstruction.Database.Tests.csproj", "{DBFCA66D-73D5-4D53-AFD1-99BAD7337D63}"
EndProject
Global
	GlobalSection(SolutionConfigurationPlatforms) = preSolution
		Debug|Any CPU = Debug|Any CPU
		Debug|x64 = Debug|x64
		Debug|x86 = Debug|x86
		Release|Any CPU = Release|Any CPU
		Release|x64 = Release|x64
		Release|x86 = Release|x86
	EndGlobalSection
	GlobalSection(ProjectConfigurationPlatforms) = postSolution
		{2F008A06-7F5C-4205-ABBF-75CD3E7F75E7}.Debug|Any CPU.ActiveCfg = Debug|Any CPU
		{2F008A06-7F5C-4205-ABBF-75CD3E7F75E7}.Debug|Any CPU.Build.0 = Debug|Any CPU
		{2F008A06-7F5C-4205-ABBF-75CD3E7F75E7}.Debug|x64.ActiveCfg = Debug|Any CPU
		{2F008A06-7F5C-4205-ABBF-75CD3E7F75E7}.Debug|x64.Build.0 = Debug|Any CPU
		{2F008A06-7F5C-4205-ABBF-75CD3E7F75E7}.Debug|x86.ActiveCfg = Debug|Any CPU
		{2F008A06-7F5C-4205-ABBF-75CD3E7F75E7}.Debug|x86.Build.0 = Debug|Any CPU
		{2F008A06-7F5C-4205-ABBF-75CD3E7F75E7}.Release|Any CPU.ActiveCfg = Release|Any CPU
		{2F008A06-7F5C-4205-ABBF-75CD3E7F75E7}.Release|Any CPU.Build.0 = Release|Any CPU
		{2F008A06-7F5C-4205-ABBF-75CD3E7F75E7}.Release|x64.ActiveCfg = Release|Any CPU
		{2F008A06-7F5C-4205-ABBF-75CD3E7F75E7}.Release|x64.Build.0 = Release|Any CPU
		{2F008A06-7F5C-4205-ABBF-75CD3E7F75E7}.Release|x86.ActiveCfg = Release|Any CPU
		{2F008A06-7F5C-4205-ABBF-75CD3E7F75E7}.Release|x86.Build.0 = Release|Any CPU
		{DC205454-6308-406F-BF0D-01263F1BEDC6}.Debug|Any CPU.ActiveCfg = Debug|Any CPU
		{DC205454-6308-406F-BF0D-01263F1BEDC6}.Debug|Any CPU.Build.0 = Debug|Any CPU
		{DC205454-6308-406F-BF0D-01263F1BEDC6}.Debug|x64.ActiveCfg = Debug|Any CPU
		{DC205454-6308-406F-BF0D-01263F1BEDC6}.Debug|x64.Build.0 = Debug|Any CPU
		{DC205454-6308-406F-BF0D-01263F1BEDC6}.Debug|x86.ActiveCfg = Debug|Any CPU
		{DC205454-6308-406F-BF0D-01263F1BEDC6}.Debug|x86.Build.0 = Debug|Any CPU
		{DC205454-6308-406F-BF0D-01263F1BEDC6}.Release|Any CPU.ActiveCfg = Release|Any CPU
		{DC205454-6308-406F-BF0D-01263F1BEDC6}.Release|Any CPU.Build.0 = Release|Any CPU
		{DC205454-6308-406F-BF0D-01263F1BEDC6}.Release|x64.ActiveCfg = Release|Any CPU
		{DC205454-6308-406F-BF0D-01263F1BEDC6}.Release|x64.Build.0 = Release|Any CPU
		{DC205454-6308-406F-BF0D-01263F1BEDC6}.Release|x86.ActiveCfg = Release|Any CPU
		{DC205454-6308-406F-BF0D-01263F1BEDC6}.Release|x86.Build.0 = Release|Any CPU
		{0673BD3E-1BEB-4A86-93F1-E9527E35205E}.Debug|Any CPU.ActiveCfg = Debug|Any CPU
		{0673BD3E-1BEB-4A86-93F1-E9527E35205E}.Debug|Any CPU.Build.0 = Debug|Any CPU
		{0673BD3E-1BEB-4A86-93F1-E9527E35205E}.Debug|x64.ActiveCfg = Debug|Any CPU
		{0673BD3E-1BEB-4A86-93F1-E9527E35205E}.Debug|x64.Build.0 = Debug|Any CPU
		{0673BD3E-1BEB-4A86-93F1-E9527E35205E}.Debug|x86.ActiveCfg = Debug|Any CPU
		{0673BD3E-1BEB-4A86-93F1-E9527E35205E}.Debug|x86.Build.0 = Debug|Any CPU
		{0673BD3E-1BEB-4A86-93F1-E9527E35205E}.Release|Any CPU.ActiveCfg = Release|Any CPU
		{0673BD3E-1BEB-4A86-93F1-E9527E35205E}.Release|Any CPU.Build.0 = Release|Any CPU
		{0673BD3E-1BEB-4A86-93F1-E9527E35205E}.Release|x64.ActiveCfg = Release|Any CPU
		{0673BD3E-1BEB-4A86-93F1-E9527E35205E}.Release|x64.Build.0 = Release|Any CPU
		{0673BD3E-1BEB-4A86-93F1-E9527E35205E}.Release|x86.ActiveCfg = Release|Any CPU
		{0673BD3E-1BEB-4A86-93F1-E9527E35205E}.Release|x86.Build.0 = Release|Any CPU
		{0660ADA6-AE8D-48B0-9AF3-64F319CA4B04}.Debug|Any CPU.ActiveCfg = Debug|Any CPU
		{0660ADA6-AE8D-48B0-9AF3-64F319CA4B04}.Debug|Any CPU.Build.0 = Debug|Any CPU
		{0660ADA6-AE8D-48B0-9AF3-64F319CA4B04}.Debug|x64.ActiveCfg = Debug|Any CPU
		{0660ADA6-AE8D-48B0-9AF3-64F319CA4B04}.Debug|x64.Build.0 = Debug|Any CPU
		{0660ADA6-AE8D-48B0-9AF3-64F319CA4B04}.Debug|x86.ActiveCfg = Debug|Any CPU
		{0660ADA6-AE8D-48B0-9AF3-64F319CA4B04}.Debug|x86.Build.0 = Debug|Any CPU
		{0660ADA6-AE8D-48B0-9AF3-64F319CA4B04}.Release|Any CPU.ActiveCfg = Release|Any CPU
		{0660ADA6-AE8D-48B0-9AF3-64F319CA4B04}.Release|Any CPU.Build.0 = Release|Any CPU
		{0660ADA6-AE8D-48B0-9AF3-64F319CA4B04}.Release|x64.ActiveCfg = Release|Any CPU
		{0660ADA6-AE8D-48B0-9AF3-64F319CA4B04}.Release|x64.Build.0 = Release|Any CPU
		{0660ADA6-AE8D-48B0-9AF3-64F319CA4B04}.Release|x86.ActiveCfg = Release|Any CPU
		{0660ADA6-AE8D-48B0-9AF3-64F319CA4B04}.Release|x86.Build.0 = Release|Any CPU
		{AA067607-0A8C-47B5-933E-D06C2DBDFAF6}.Debug|Any CPU.ActiveCfg = Debug|Any CPU
		{AA067607-0A8C-47B5-933E-D06C2DBDFAF6}.Debug|Any CPU.Build.0 = Debug|Any CPU
		{AA067607-0A8C-47B5-933E-D06C2DBDFAF6}.Debug|x64.ActiveCfg = Debug|Any CPU
		{AA067607-0A8C-47B5-933E-D06C2DBDFAF6}.Debug|x64.Build.0 = Debug|Any CPU
		{AA067607-0A8C-47B5-933E-D06C2DBDFAF6}.Debug|x86.ActiveCfg = Debug|Any CPU
		{AA067607-0A8C-47B5-933E-D06C2DBDFAF6}.Debug|x86.Build.0 = Debug|Any CPU
		{AA067607-0A8C-47B5-933E-D06C2DBDFAF6}.Release|Any CPU.ActiveCfg = Release|Any CPU
		{AA067607-0A8C-47B5-933E-D06C2DBDFAF6}.Release|Any CPU.Build.0 = Release|Any CPU
		{AA067607-0A8C-47B5-933E-D06C2DBDFAF6}.Release|x64.ActiveCfg = Release|Any CPU
		{AA067607-0A8C-47B5-933E-D06C2DBDFAF6}.Release|x64.Build.0 = Release|Any CPU
		{AA067607-0A8C-47B5-933E-D06C2DBDFAF6}.Release|x86.ActiveCfg = Release|Any CPU
		{AA067607-0A8C-47B5-933E-D06C2DBDFAF6}.Release|x86.Build.0 = Release|Any CPU
		{1705FE8B-E0A9-4A5F-94A1-246397E0AFC2}.Debug|Any CPU.ActiveCfg = Debug|Any CPU
		{1705FE8B-E0A9-4A5F-94A1-246397E0AFC2}.Debug|Any CPU.Build.0 = Debug|Any CPU
		{1705FE8B-E0A9-4A5F-94A1-246397E0AFC2}.Debug|x64.ActiveCfg = Debug|Any CPU
		{1705FE8B-E0A9-4A5F-94A1-246397E0AFC2}.Debug|x64.Build.0 = Debug|Any CPU
		{1705FE8B-E0A9-4A5F-94A1-246397E0AFC2}.Debug|x86.ActiveCfg = Debug|Any CPU
		{1705FE8B-E0A9-4A5F-94A1-246397E0AFC2}.Debug|x86.Build.0 = Debug|Any CPU
		{1705FE8B-E0A9-4A5F-94A1-246397E0AFC2}.Release|Any CPU.ActiveCfg = Release|Any CPU
		{1705FE8B-E0A9-4A5F-94A1-246397E0AFC2}.Release|Any CPU.Build.0 = Release|Any CPU
		{1705FE8B-E0A9-4A5F-94A1-246397E0AFC2}.Release|x64.ActiveCfg = Release|Any CPU
		{1705FE8B-E0A9-4A5F-94A1-246397E0AFC2}.Release|x64.Build.0 = Release|Any CPU
		{1705FE8B-E0A9-4A5F-94A1-246397E0AFC2}.Release|x86.ActiveCfg = Release|Any CPU
		{1705FE8B-E0A9-4A5F-94A1-246397E0AFC2}.Release|x86.Build.0 = Release|Any CPU
		{69324447-06D0-417B-934B-F90FFC4C326A}.Debug|Any CPU.ActiveCfg = Debug|Any CPU
		{69324447-06D0-417B-934B-F90FFC4C326A}.Debug|Any CPU.Build.0 = Debug|Any CPU
		{69324447-06D0-417B-934B-F90FFC4C326A}.Debug|x64.ActiveCfg = Debug|Any CPU
		{69324447-06D0-417B-934B-F90FFC4C326A}.Debug|x64.Build.0 = Debug|Any CPU
		{69324447-06D0-417B-934B-F90FFC4C326A}.Debug|x86.ActiveCfg = Debug|Any CPU
		{69324447-06D0-417B-934B-F90FFC4C326A}.Debug|x86.Build.0 = Debug|Any CPU
		{69324447-06D0-417B-934B-F90FFC4C326A}.Release|Any CPU.ActiveCfg = Release|Any CPU
		{69324447-06D0-417B-934B-F90FFC4C326A}.Release|Any CPU.Build.0 = Release|Any CPU
		{69324447-06D0-417B-934B-F90FFC4C326A}.Release|x64.ActiveCfg = Release|Any CPU
		{69324447-06D0-417B-934B-F90FFC4C326A}.Release|x64.Build.0 = Release|Any CPU
		{69324447-06D0-417B-934B-F90FFC4C326A}.Release|x86.ActiveCfg = Release|Any CPU
		{69324447-06D0-417B-934B-F90FFC4C326A}.Release|x86.Build.0 = Release|Any CPU
		{6F830FB2-0FD7-458B-91B3-8BB2217FAD80}.Debug|Any CPU.ActiveCfg = Debug|Any CPU
		{6F830FB2-0FD7-458B-91B3-8BB2217FAD80}.Debug|Any CPU.Build.0 = Debug|Any CPU
		{6F830FB2-0FD7-458B-91B3-8BB2217FAD80}.Debug|x64.ActiveCfg = Debug|Any CPU
		{6F830FB2-0FD7-458B-91B3-8BB2217FAD80}.Debug|x64.Build.0 = Debug|Any CPU
		{6F830FB2-0FD7-458B-91B3-8BB2217FAD80}.Debug|x86.ActiveCfg = Debug|Any CPU
		{6F830FB2-0FD7-458B-91B3-8BB2217FAD80}.Debug|x86.Build.0 = Debug|Any CPU
		{6F830FB2-0FD7-458B-91B3-8BB2217FAD80}.Release|Any CPU.ActiveCfg = Release|Any CPU
		{6F830FB2-0FD7-458B-91B3-8BB2217FAD80}.Release|Any CPU.Build.0 = Release|Any CPU
		{6F830FB2-0FD7-458B-91B3-8BB2217FAD80}.Release|x64.ActiveCfg = Release|Any CPU
		{6F830FB2-0FD7-458B-91B3-8BB2217FAD80}.Release|x64.Build.0 = Release|Any CPU
		{6F830FB2-0FD7-458B-91B3-8BB2217FAD80}.Release|x86.ActiveCfg = Release|Any CPU
		{6F830FB2-0FD7-458B-91B3-8BB2217FAD80}.Release|x86.Build.0 = Release|Any CPU
		{F71FF071-4ACC-477C-8F1A-3996BF220F1D}.Debug|Any CPU.ActiveCfg = Debug|Any CPU
		{F71FF071-4ACC-477C-8F1A-3996BF220F1D}.Debug|Any CPU.Build.0 = Debug|Any CPU
		{F71FF071-4ACC-477C-8F1A-3996BF220F1D}.Debug|x64.ActiveCfg = Debug|Any CPU
		{F71FF071-4ACC-477C-8F1A-3996BF220F1D}.Debug|x64.Build.0 = Debug|Any CPU
		{F71FF071-4ACC-477C-8F1A-3996BF220F1D}.Debug|x86.ActiveCfg = Debug|Any CPU
		{F71FF071-4ACC-477C-8F1A-3996BF220F1D}.Debug|x86.Build.0 = Debug|Any CPU
		{F71FF071-4ACC-477C-8F1A-3996BF220F1D}.Release|Any CPU.ActiveCfg = Release|Any CPU
		{F71FF071-4ACC-477C-8F1A-3996BF220F1D}.Release|Any CPU.Build.0 = Release|Any CPU
		{F71FF071-4ACC-477C-8F1A-3996BF220F1D}.Release|x64.ActiveCfg = Release|Any CPU
		{F71FF071-4ACC-477C-8F1A-3996BF220F1D}.Release|x64.Build.0 = Release|Any CPU
		{F71FF071-4ACC-477C-8F1A-3996BF220F1D}.Release|x86.ActiveCfg = Release|Any CPU
		{F71FF071-4ACC-477C-8F1A-3996BF220F1D}.Release|x86.Build.0 = Release|Any CPU
		{DBFCA66D-73D5-4D53-AFD1-99BAD7337D63}.Debug|Any CPU.ActiveCfg = Debug|Any CPU
		{DBFCA66D-73D5-4D53-AFD1-99BAD7337D63}.Debug|Any CPU.Build.0 = Debug|Any CPU
		{DBFCA66D-73D5-4D53-AFD1-99BAD7337D63}.Debug|x64.ActiveCfg = Debug|Any CPU
		{DBFCA66D-73D5-4D53-AFD1-99BAD7337D63}.Debug|x64.Build.0 = Debug|Any CPU
		{DBFCA66D-73D5-4D53-AFD1-99BAD7337D63}.Debug|x86.ActiveCfg = Debug|Any CPU
		{DBFCA66D-73D5-4D53-AFD1-99BAD7337D63}.Debug|x86.Build.0 = Debug|Any CPU
		{DBFCA66D-73D5-4D53-AFD1-99BAD7337D63}.Release|Any CPU.ActiveCfg = Release|Any CPU
		{DBFCA66D-73D5-4D53-AFD1-99BAD7337D63}.Release|Any CPU.Build.0 = Release|Any CPU
		{DBFCA66D-73D5-4D53-AFD1-99BAD7337D63}.Release|x64.ActiveCfg = Release|Any CPU
		{DBFCA66D-73D5-4D53-AFD1-99BAD7337D63}.Release|x64.Build.0 = Release|Any CPU
		{DBFCA66D-73D5-4D53-AFD1-99BAD7337D63}.Release|x86.ActiveCfg = Release|Any CPU
		{DBFCA66D-73D5-4D53-AFD1-99BAD7337D63}.Release|x86.Build.0 = Release|Any CPU
	EndGlobalSection
	GlobalSection(SolutionProperties) = preSolution
		HideSolutionNode = FALSE
	EndGlobalSection
	GlobalSection(ExtensibilityGlobals) = postSolution
		SolutionGuid = {3934AD7A-B604-4B8D-A2C4-6C0111BC0EB6}
	EndGlobalSection
EndGlobal
